// !$*UTF8*$!
{
	archiveVersion = 1;
	classes = {
	};
	objectVersion = 46;
	objects = {

/* Begin PBXBuildFile section */
		6BC8F8041AD1618F006EF72B /* main.m in Sources */ = {isa = PBXBuildFile; fileRef = 6BC8F8031AD1618F006EF72B /* main.m */; };
		6BC8F8071AD1618F006EF72B /* AppDelegate.m in Sources */ = {isa = PBXBuildFile; fileRef = 6BC8F8061AD1618F006EF72B /* AppDelegate.m */; };
		6BC8F80A1AD1618F006EF72B /* ViewController.m in Sources */ = {isa = PBXBuildFile; fileRef = 6BC8F8091AD1618F006EF72B /* ViewController.m */; };
		6BC8F80D1AD1618F006EF72B /* Main.storyboard in Resources */ = {isa = PBXBuildFile; fileRef = 6BC8F80B1AD1618F006EF72B /* Main.storyboard */; };
		6BC8F80F1AD16190006EF72B /* Images.xcassets in Resources */ = {isa = PBXBuildFile; fileRef = 6BC8F80E1AD16190006EF72B /* Images.xcassets */; };
		6BC8F8121AD16190006EF72B /* LaunchScreen.xib in Resources */ = {isa = PBXBuildFile; fileRef = 6BC8F8101AD16190006EF72B /* LaunchScreen.xib */; };
		6BC8F81E1AD16190006EF72B /* searchUITablesParseTests.m in Sources */ = {isa = PBXBuildFile; fileRef = 6BC8F81D1AD16190006EF72B /* searchUITablesParseTests.m */; };
/* End PBXBuildFile section */

/* Begin PBXContainerItemProxy section */
		6BC8F8181AD16190006EF72B /* PBXContainerItemProxy */ = {
			isa = PBXContainerItemProxy;
			containerPortal = 6BC8F7F61AD1618F006EF72B /* Project object */;
			proxyType = 1;
			remoteGlobalIDString = 6BC8F7FD1AD1618F006EF72B;
			remoteInfo = searchUITablesParse;
		};
/* End PBXContainerItemProxy section */

/* Begin PBXFileReference section */
		6BC8F7FE1AD1618F006EF72B /* searchUITablesParse.app */ = {isa = PBXFileReference; explicitFileType = wrapper.application; includeInIndex = 0; path = searchUITablesParse.app; sourceTree = BUILT_PRODUCTS_DIR; };
		6BC8F8021AD1618F006EF72B /* Info.plist */ = {isa = PBXFileReference; lastKnownFileType = text.plist.xml; path = Info.plist; sourceTree = "<group>"; };
		6BC8F8031AD1618F006EF72B /* main.m */ = {isa = PBXFileReference; lastKnownFileType = sourcecode.c.objc; path = main.m; sourceTree = "<group>"; };
		6BC8F8051AD1618F006EF72B /* AppDelegate.h */ = {isa = PBXFileReference; lastKnownFileType = sourcecode.c.h; path = AppDelegate.h; sourceTree = "<group>"; };
		6BC8F8061AD1618F006EF72B /* AppDelegate.m */ = {isa = PBXFileReference; lastKnownFileType = sourcecode.c.objc; path = AppDelegate.m; sourceTree = "<group>"; };
		6BC8F8081AD1618F006EF72B /* ViewController.h */ = {isa = PBXFileReference; lastKnownFileType = sourcecode.c.h; path = ViewController.h; sourceTree = "<group>"; };
		6BC8F8091AD1618F006EF72B /* ViewController.m */ = {isa = PBXFileReference; lastKnownFileType = sourcecode.c.objc; path = ViewController.m; sourceTree = "<group>"; };
		6BC8F80C1AD1618F006EF72B /* Base */ = {isa = PBXFileReference; lastKnownFileType = file.storyboard; name = Base; path = Base.lproj/Main.storyboard; sourceTree = "<group>"; };
		6BC8F80E1AD16190006EF72B /* Images.xcassets */ = {isa = PBXFileReference; lastKnownFileType = folder.assetcatalog; path = Images.xcassets; sourceTree = "<group>"; };
		6BC8F8111AD16190006EF72B /* Base */ = {isa = PBXFileReference; lastKnownFileType = file.xib; name = Base; path = Base.lproj/LaunchScreen.xib; sourceTree = "<group>"; };
		6BC8F8171AD16190006EF72B /* searchUITablesParseTests.xctest */ = {isa = PBXFileReference; explicitFileType = wrapper.cfbundle; includeInIndex = 0; path = searchUITablesParseTests.xctest; sourceTree = BUILT_PRODUCTS_DIR; };
		6BC8F81C1AD16190006EF72B /* Info.plist */ = {isa = PBXFileReference; lastKnownFileType = text.plist.xml; path = Info.plist; sourceTree = "<group>"; };
		6BC8F81D1AD16190006EF72B /* searchUITablesParseTests.m */ = {isa = PBXFileReference; lastKnownFileType = sourcecode.c.objc; path = searchUITablesParseTests.m; sourceTree = "<group>"; };
/* End PBXFileReference section */

/* Begin PBXFrameworksBuildPhase section */
		6BC8F7FB1AD1618F006EF72B /* Frameworks */ = {
			isa = PBXFrameworksBuildPhase;
			buildActionMask = 2147483647;
			files = (
			);
			runOnlyForDeploymentPostprocessing = 0;
		};
		6BC8F8141AD16190006EF72B /* Frameworks */ = {
			isa = PBXFrameworksBuildPhase;
			buildActionMask = 2147483647;
			files = (
			);
			runOnlyForDeploymentPostprocessing = 0;
		};
/* End PBXFrameworksBuildPhase section */

/* Begin PBXGroup section */
		6BC8F7F51AD1618F006EF72B = {
			isa = PBXGroup;
			children = (
				6BC8F8001AD1618F006EF72B /* searchUITablesParse */,
				6BC8F81A1AD16190006EF72B /* searchUITablesParseTests */,
				6BC8F7FF1AD1618F006EF72B /* Products */,
			);
			sourceTree = "<group>";
		};
		6BC8F7FF1AD1618F006EF72B /* Products */ = {
			isa = PBXGroup;
			children = (
				6BC8F7FE1AD1618F006EF72B /* searchUITablesParse.app */,
				6BC8F8171AD16190006EF72B /* searchUITablesParseTests.xctest */,
			);
			name = Products;
			sourceTree = "<group>";
		};
		6BC8F8001AD1618F006EF72B /* searchUITablesParse */ = {
			isa = PBXGroup;
			children = (
				6BC8F8051AD1618F006EF72B /* AppDelegate.h */,
				6BC8F8061AD1618F006EF72B /* AppDelegate.m */,
				6BC8F8081AD1618F006EF72B /* ViewController.h */,
				6BC8F8091AD1618F006EF72B /* ViewController.m */,
				6BC8F80B1AD1618F006EF72B /* Main.storyboard */,
				6BC8F80E1AD16190006EF72B /* Images.xcassets */,
				6BC8F8101AD16190006EF72B /* LaunchScreen.xib */,
				6BC8F8011AD1618F006EF72B /* Supporting Files */,
			);
			path = searchUITablesParse;
			sourceTree = "<group>";
		};
		6BC8F8011AD1618F006EF72B /* Supporting Files */ = {
			isa = PBXGroup;
			children = (
				6BC8F8021AD1618F006EF72B /* Info.plist */,
				6BC8F8031AD1618F006EF72B /* main.m */,
			);
			name = "Supporting Files";
			sourceTree = "<group>";
		};
		6BC8F81A1AD16190006EF72B /* searchUITablesParseTests */ = {
			isa = PBXGroup;
			children = (
				6BC8F81D1AD16190006EF72B /* searchUITablesParseTests.m */,
				6BC8F81B1AD16190006EF72B /* Supporting Files */,
			);
			path = searchUITablesParseTests;
			sourceTree = "<group>";
		};
		6BC8F81B1AD16190006EF72B /* Supporting Files */ = {
			isa = PBXGroup;
			children = (
				6BC8F81C1AD16190006EF72B /* Info.plist */,
			);
			name = "Supporting Files";
			sourceTree = "<group>";
		};
/* End PBXGroup section */

/* Begin PBXNativeTarget section */
		6BC8F7FD1AD1618F006EF72B /* searchUITablesParse */ = {
			isa = PBXNativeTarget;
			buildConfigurationList = 6BC8F8211AD16190006EF72B /* Build configuration list for PBXNativeTarget "searchUITablesParse" */;
			buildPhases = (
				6BC8F7FA1AD1618F006EF72B /* Sources */,
				6BC8F7FB1AD1618F006EF72B /* Frameworks */,
				6BC8F7FC1AD1618F006EF72B /* Resources */,
			);
			buildRules = (
			);
			dependencies = (
			);
			name = searchUITablesParse;
			productName = searchUITablesParse;
			productReference = 6BC8F7FE1AD1618F006EF72B /* searchUITablesParse.app */;
			productType = "com.apple.product-type.application";
		};
		6BC8F8161AD16190006EF72B /* searchUITablesParseTests */ = {
			isa = PBXNativeTarget;
			buildConfigurationList = 6BC8F8241AD16190006EF72B /* Build configuration list for PBXNativeTarget "searchUITablesParseTests" */;
			buildPhases = (
				6BC8F8131AD16190006EF72B /* Sources */,
				6BC8F8141AD16190006EF72B /* Frameworks */,
				6BC8F8151AD16190006EF72B /* Resources */,
			);
			buildRules = (
			);
			dependencies = (
				6BC8F8191AD16190006EF72B /* PBXTargetDependency */,
			);
			name = searchUITablesParseTests;
			productName = searchUITablesParseTests;
			productReference = 6BC8F8171AD16190006EF72B /* searchUITablesParseTests.xctest */;
			productType = "com.apple.product-type.bundle.unit-test";
		};
/* End PBXNativeTarget section */

/* Begin PBXProject section */
		6BC8F7F61AD1618F006EF72B /* Project object */ = {
			isa = PBXProject;
			attributes = {
				LastUpgradeCheck = 0610;
				ORGANIZATIONNAME = "Arman Bhalla";
				TargetAttributes = {
					6BC8F7FD1AD1618F006EF72B = {
						CreatedOnToolsVersion = 6.1.1;
					};
					6BC8F8161AD16190006EF72B = {
						CreatedOnToolsVersion = 6.1.1;
						TestTargetID = 6BC8F7FD1AD1618F006EF72B;
					};
				};
			};
			buildConfigurationList = 6BC8F7F91AD1618F006EF72B /* Build configuration list for PBXProject "searchUITablesParse" */;
			compatibilityVersion = "Xcode 3.2";
			developmentRegion = English;
			hasScannedForEncodings = 0;
			knownRegions = (
				en,
				Base,
			);
			mainGroup = 6BC8F7F51AD1618F006EF72B;
			productRefGroup = 6BC8F7FF1AD1618F006EF72B /* Products */;
			projectDirPath = "";
			projectRoot = "";
			targets = (
				6BC8F7FD1AD1618F006EF72B /* searchUITablesParse */,
				6BC8F8161AD16190006EF72B /* searchUITablesParseTests */,
			);
		};
/* End PBXProject section */

/* Begin PBXResourcesBuildPhase section */
		6BC8F7FC1AD1618F006EF72B /* Resources */ = {
			isa = PBXResourcesBuildPhase;
			buildActionMask = 2147483647;
			files = (
				6BC8F80D1AD1618F006EF72B /* Main.storyboard in Resources */,
				6BC8F8121AD16190006EF72B /* LaunchScreen.xib in Resources */,
				6BC8F80F1AD16190006EF72B /* Images.xcassets in Resources */,
			);
			runOnlyForDeploymentPostprocessing = 0;
		};
		6BC8F8151AD16190006EF72B /* Resources */ = {
			isa = PBXResourcesBuildPhase;
			buildActionMask = 2147483647;
			files = (
			);
			runOnlyForDeploymentPostprocessing = 0;
		};
/* End PBXResourcesBuildPhase section */

/* Begin PBXSourcesBuildPhase section */
		6BC8F7FA1AD1618F006EF72B /* Sources */ = {
			isa = PBXSourcesBuildPhase;
			buildActionMask = 2147483647;
			files = (
				6BC8F80A1AD1618F006EF72B /* ViewController.m in Sources */,
				6BC8F8071AD1618F006EF72B /* AppDelegate.m in Sources */,
				6BC8F8041AD1618F006EF72B /* main.m in Sources */,
			);
			runOnlyForDeploymentPostprocessing = 0;
		};
		6BC8F8131AD16190006EF72B /* Sources */ = {
			isa = PBXSourcesBuildPhase;
			buildActionMask = 2147483647;
			files = (
				6BC8F81E1AD16190006EF72B /* searchUITablesParseTests.m in Sources */,
			);
			runOnlyForDeploymentPostprocessing = 0;
		};
/* End PBXSourcesBuildPhase section */

/* Begin PBXTargetDependency section */
		6BC8F8191AD16190006EF72B /* PBXTargetDependency */ = {
			isa = PBXTargetDependency;
			target = 6BC8F7FD1AD1618F006EF72B /* searchUITablesParse */;
			targetProxy = 6BC8F8181AD16190006EF72B /* PBXContainerItemProxy */;
		};
/* End PBXTargetDependency section */

/* Begin PBXVariantGroup section */
		6BC8F80B1AD1618F006EF72B /* Main.storyboard */ = {
			isa = PBXVariantGroup;
			children = (
				6BC8F80C1AD1618F006EF72B /* Base */,
			);
			name = Main.storyboard;
			sourceTree = "<group>";
		};
		6BC8F8101AD16190006EF72B /* LaunchScreen.xib */ = {
			isa = PBXVariantGroup;
			children = (
				6BC8F8111AD16190006EF72B /* Base */,
			);
			name = LaunchScreen.xib;
			sourceTree = "<group>";
		};
/* End PBXVariantGroup section */

/* Begin XCBuildConfiguration section */
		6BC8F81F1AD16190006EF72B /* Debug */ = {
			isa = XCBuildConfiguration;
			buildSettings = {
				ALWAYS_SEARCH_USER_PATHS = NO;
				CLANG_CXX_LANGUAGE_STANDARD = "gnu++0x";
				CLANG_CXX_LIBRARY = "libc++";
				CLANG_ENABLE_MODULES = YES;
				CLANG_ENABLE_OBJC_ARC = YES;
				CLANG_WARN_BOOL_CONVERSION = YES;
				CLANG_WARN_CONSTANT_CONVERSION = YES;
				CLANG_WARN_DIRECT_OBJC_ISA_USAGE = YES_ERROR;
				CLANG_WARN_EMPTY_BODY = YES;
				CLANG_WARN_ENUM_CONVERSION = YES;
				CLANG_WARN_INT_CONVERSION = YES;
				CLANG_WARN_OBJC_ROOT_CLASS = YES_ERROR;
				CLANG_WARN_UNREACHABLE_CODE = YES;
				CLANG_WARN__DUPLICATE_METHOD_MATCH = YES;
				"CODE_SIGN_IDENTITY[sdk=iphoneos*]" = "iPhone Developer";
				COPY_PHASE_STRIP = NO;
				ENABLE_STRICT_OBJC_MSGSEND = YES;
				GCC_C_LANGUAGE_STANDARD = gnu99;
				GCC_DYNAMIC_NO_PIC = NO;
				GCC_OPTIMIZATION_LEVEL = 0;
				GCC_PREPROCESSOR_DEFINITIONS = (
					"DEBUG=1",
					"$(inherited)",
				);
				GCC_SYMBOLS_PRIVATE_EXTERN = NO;
				GCC_WARN_64_TO_32_BIT_CONVERSION = YES;
				GCC_WARN_ABOUT_RETURN_TYPE = YES_ERROR;
				GCC_WARN_UNDECLARED_SELECTOR = YES;
				GCC_WARN_UNINITIALIZED_AUTOS = YES_AGGRESSIVE;
				GCC_WARN_UNUSED_FUNCTION = YES;
				GCC_WARN_UNUSED_VARIABLE = YES;
				IPHONEOS_DEPLOYMENT_TARGET = 8.1;
				MTL_ENABLE_DEBUG_INFO = YES;
				ONLY_ACTIVE_ARCH = YES;
				SDKROOT = iphoneos;
			};
			name = Debug;
		};
		6BC8F8201AD16190006EF72B /* Release */ = {
			isa = XCBuildConfiguration;
			buildSettings = {
				ALWAYS_SEARCH_USER_PATHS = NO;
				CLANG_CXX_LANGUAGE_STANDARD = "gnu++0x";
				CLANG_CXX_LIBRARY = "libc++";
				CLANG_ENABLE_MODULES = YES;
				CLANG_ENABLE_OBJC_ARC = YES;
				CLANG_WARN_BOOL_CONVERSION = YES;
				CLANG_WARN_CONSTANT_CONVERSION = YES;
				CLANG_WARN_DIRECT_OBJC_ISA_USAGE = YES_ERROR;
				CLANG_WARN_EMPTY_BODY = YES;
				CLANG_WARN_ENUM_CONVERSION = YES;
				CLANG_WARN_INT_CONVERSION = YES;
				CLANG_WARN_OBJC_ROOT_CLASS = YES_ERROR;
				CLANG_WARN_UNREACHABLE_CODE = YES;
				CLANG_WARN__DUPLICATE_METHOD_MATCH = YES;
				"CODE_SIGN_IDENTITY[sdk=iphoneos*]" = "iPhone Developer";
				COPY_PHASE_STRIP = YES;
				ENABLE_NS_ASSERTIONS = NO;
				ENABLE_STRICT_OBJC_MSGSEND = YES;
				GCC_C_LANGUAGE_STANDARD = gnu99;
				GCC_WARN_64_TO_32_BIT_CONVERSION = YES;
				GCC_WARN_ABOUT_RETURN_TYPE = YES_ERROR;
				GCC_WARN_UNDECLARED_SELECTOR = YES;
				GCC_WARN_UNINITIALIZED_AUTOS = YES_AGGRESSIVE;
				GCC_WARN_UNUSED_FUNCTION = YES;
				GCC_WARN_UNUSED_VARIABLE = YES;
				IPHONEOS_DEPLOYMENT_TARGET = 8.1;
				MTL_ENABLE_DEBUG_INFO = NO;
				SDKROOT = iphoneos;
				VALIDATE_PRODUCT = YES;
			};
			name = Release;
		};
		6BC8F8221AD16190006EF72B /* Debug */ = {
			isa = XCBuildConfiguration;
			buildSettings = {
				ASSETCATALOG_COMPILER_APPICON_NAME = AppIcon;
				INFOPLIST_FILE = searchUITablesParse/Info.plist;
				LD_RUNPATH_SEARCH_PATHS = "$(inherited) @executable_path/Frameworks";
				PRODUCT_NAME = "$(TARGET_NAME)";
			};
			name = Debug;
		};
		6BC8F8231AD16190006EF72B /* Release */ = {
			isa = XCBuildConfiguration;
			buildSettings = {
				ASSETCATALOG_COMPILER_APPICON_NAME = AppIcon;
				INFOPLIST_FILE = searchUITablesParse/Info.plist;
				LD_RUNPATH_SEARCH_PATHS = "$(inherited) @executable_path/Frameworks";
				PRODUCT_NAME = "$(TARGET_NAME)";
			};
			name = Release;
		};
		6BC8F8251AD16190006EF72B /* Debug */ = {
			isa = XCBuildConfiguration;
			buildSettings = {
				BUNDLE_LOADER = "$(TEST_HOST)";
				FRAMEWORK_SEARCH_PATHS = (
					"$(SDKROOT)/Developer/Library/Frameworks",
					"$(inherited)",
				);
				GCC_PREPROCESSOR_DEFINITIONS = (
					"DEBUG=1",
					"$(inherited)",
				);
				INFOPLIST_FILE = searchUITablesParseTests/Info.plist;
				LD_RUNPATH_SEARCH_PATHS = "$(inherited) @executable_path/Frameworks @loader_path/Frameworks";
				PRODUCT_NAME = "$(TARGET_NAME)";
				TEST_HOST = "$(BUILT_PRODUCTS_DIR)/searchUITablesParse.app/searchUITablesParse";
			};
			name = Debug;
		};
		6BC8F8261AD16190006EF72B /* Release */ = {
			isa = XCBuildConfiguration;
			buildSettings = {
				BUNDLE_LOADER = "$(TEST_HOST)";
				FRAMEWORK_SEARCH_PATHS = (
					"$(SDKROOT)/Developer/Library/Frameworks",
					"$(inherited)",
				);
				INFOPLIST_FILE = searchUITablesParseTests/Info.plist;
				LD_RUNPATH_SEARCH_PATHS = "$(inherited) @executable_path/Frameworks @loader_path/Frameworks";
				PRODUCT_NAME = "$(TARGET_NAME)";
				TEST_HOST = "$(BUILT_PRODUCTS_DIR)/searchUITablesParse.app/searchUITablesParse";
			};
			name = Release;
		};
/* End XCBuildConfiguration section */

/* Begin XCConfigurationList section */
		6BC8F7F91AD1618F006EF72B /* Build configuration list for PBXProject "searchUITablesParse" */ = {
			isa = XCConfigurationList;
			buildConfigurations = (
				6BC8F81F1AD16190006EF72B /* Debug */,
				6BC8F8201AD16190006EF72B /* Release */,
			);
			defaultConfigurationIsVisible = 0;
			defaultConfigurationName = Release;
		};
		6BC8F8211AD16190006EF72B /* Build configuration list for PBXNativeTarget "searchUITablesParse" */ = {
			isa = XCConfigurationList;
			buildConfigurations = (
				6BC8F8221AD16190006EF72B /* Debug */,
				6BC8F8231AD16190006EF72B /* Release */,
			);
			defaultConfigurationIsVisible = 0;
		};
		6BC8F8241AD16190006EF72B /* Build configuration list for PBXNativeTarget "searchUITablesParseTests" */ = {
			isa = XCConfigurationList;
			buildConfigurations = (
				6BC8F8251AD16190006EF72B /* Debug */,
				6BC8F8261AD16190006EF72B /* Release */,
			);
			defaultConfigurationIsVisible = 0;
		};
/* End XCConfigurationList section */
	};
	rootObject = 6BC8F7F61AD1618F006EF72B /* Project object */;
}
